
Microsoft Visual Studio Solution File, Format Version 12.00
# Visual Studio Version 17
VisualStudioVersion = 17.2.32516.85
MinimumVisualStudioVersion = 10.0.40219.1
Project("{9A19103F-16F7-4668-BE54-9A1E7A4F7556}") = "Test", "Test\Test.csproj", "{A8581DE7-3DE8-4C61-9104-6F494C996B15}"
EndProject
Project("{FAE04EC0-301F-11D3-BF4B-00C04F79EFBC}") = "Assessments", "Assessments\Assessments.csproj", "{5D578E9A-4EF5-4869-B020-AFC23569DA1E}"
EndProject
Global
	GlobalSection(SolutionConfigurationPlatforms) = preSolution
		Debug|Any CPU = Debug|Any CPU
		Release|Any CPU = Release|Any CPU
	EndGlobalSection
	GlobalSection(ProjectConfigurationPlatforms) = postSolution
		{A8581DE7-3DE8-4C61-9104-6F494C996B15}.Debug|Any CPU.ActiveCfg = Debug|Any CPU
		{A8581DE7-3DE8-4C61-9104-6F494C996B15}.Debug|Any CPU.Build.0 = Debug|Any CPU
		{A8581DE7-3DE8-4C61-9104-6F494C996B15}.Release|Any CPU.ActiveCfg = Release|Any CPU
		{A8581DE7-3DE8-4C61-9104-6F494C996B15}.Release|Any CPU.Build.0 = Release|Any CPU
		{5D578E9A-4EF5-4869-B020-AFC23569DA1E}.Debug|Any CPU.ActiveCfg = Debug|Any CPU
		{5D578E9A-4EF5-4869-B020-AFC23569DA1E}.Debug|Any CPU.Build.0 = Debug|Any CPU
		{5D578E9A-4EF5-4869-B020-AFC23569DA1E}.Release|Any CPU.ActiveCfg = Release|Any CPU
		{5D578E9A-4EF5-4869-B020-AFC23569DA1E}.Release|Any CPU.Build.0 = Release|Any CPU
	EndGlobalSection
	GlobalSection(SolutionProperties) = preSolution
		HideSolutionNode = FALSE
	EndGlobalSection
	GlobalSection(ExtensibilityGlobals) = postSolution
		SolutionGuid = {7DB8693A-8148-410C-8F15-D8BDA44F40A6}
	EndGlobalSection
EndGlobal
